version: 6
environments:
  default:
    channels:
    - url: https://repo.anaconda.com/pkgs/main/
    - url: https://repo.anaconda.com/pkgs/r/
    - url: https://conda.anaconda.org/conda-forge/
    indexes:
    - https://pypi.org/simple
    packages:
      linux-64:
      - conda: https://repo.anaconda.com/pkgs/main/linux-64/_libgcc_mutex-0.1-main.conda
      - conda: https://repo.anaconda.com/pkgs/main/linux-64/_openmp_mutex-5.1-1_gnu.conda
      - conda: https://repo.anaconda.com/pkgs/main/linux-64/bzip2-1.0.8-h5eee18b_6.conda
      - conda: https://repo.anaconda.com/pkgs/main/linux-64/ca-certificates-2025.2.25-h06a4308_0.conda
      - conda: https://repo.anaconda.com/pkgs/main/linux-64/expat-2.7.1-h6a678d5_0.conda
      - conda: https://repo.anaconda.com/pkgs/main/linux-64/ld_impl_linux-64-2.40-h12ee557_0.conda
      - conda: https://repo.anaconda.com/pkgs/main/linux-64/libffi-3.4.4-h6a678d5_1.conda
      - conda: https://repo.anaconda.com/pkgs/main/linux-64/libgcc-ng-11.2.0-h1234567_1.conda
      - conda: https://repo.anaconda.com/pkgs/main/linux-64/libgomp-11.2.0-h1234567_1.conda
      - conda: https://repo.anaconda.com/pkgs/main/linux-64/libstdcxx-ng-11.2.0-h1234567_1.conda
      - conda: https://repo.anaconda.com/pkgs/main/linux-64/libuuid-1.41.5-h5eee18b_0.conda
      - conda: https://repo.anaconda.com/pkgs/main/linux-64/libxcb-1.17.0-h9b100fa_0.conda
      - conda: https://repo.anaconda.com/pkgs/main/linux-64/ncurses-6.5-h7934f7d_0.conda
      - conda: https://repo.anaconda.com/pkgs/main/linux-64/openssl-3.0.17-h5eee18b_0.conda
      - conda: https://repo.anaconda.com/pkgs/main/linux-64/pthread-stubs-0.3-h0ce48e5_1.conda
      - conda: https://repo.anaconda.com/pkgs/main/linux-64/python-3.12.11-h22baa00_0.conda
      - conda: https://repo.anaconda.com/pkgs/main/linux-64/readline-8.2-h5eee18b_0.conda
      - conda: https://repo.anaconda.com/pkgs/main/linux-64/sqlite-3.50.2-hb25bd0a_1.conda
      - conda: https://repo.anaconda.com/pkgs/main/linux-64/tk-8.6.14-h993c535_1.conda
      - conda: https://repo.anaconda.com/pkgs/main/noarch/tzdata-2025b-h04d1e81_0.conda
      - conda: https://repo.anaconda.com/pkgs/main/linux-64/xorg-libx11-1.8.12-h9b100fa_1.conda
      - conda: https://repo.anaconda.com/pkgs/main/linux-64/xorg-libxau-1.0.12-h9b100fa_0.conda
      - conda: https://repo.anaconda.com/pkgs/main/linux-64/xorg-libxdmcp-1.1.5-h9b100fa_0.conda
      - conda: https://repo.anaconda.com/pkgs/main/linux-64/xorg-xorgproto-2024.1-h5eee18b_1.conda
      - conda: https://repo.anaconda.com/pkgs/main/linux-64/xz-5.6.4-h5eee18b_1.conda
      - conda: https://repo.anaconda.com/pkgs/main/linux-64/zlib-1.2.13-h5eee18b_1.conda
      - pypi: https://files.pythonhosted.org/packages/4d/3f/3bc3f1d83f6e4a7fcb834d3720544ca597590425be5ba9db032b2bf322a2/altgraph-0.17.4-py2.py3-none-any.whl
      - pypi: https://files.pythonhosted.org/packages/85/32/10bb5764d90a8eee674e9dc6f4db6a0ab47c8c4d0d83c27f7c39ac415a4d/click-8.2.1-py3-none-any.whl
      - pypi: https://files.pythonhosted.org/packages/20/12/38679034af332785aac8774540895e234f4d07f7545804097de4b666afd8/packaging-25.0-py3-none-any.whl
      - pypi: https://files.pythonhosted.org/packages/b8/98/460a32d2e325ad0ea81e4df478a8d84b5ebe0ceaca0cd3088f16afcaba5f/pyinstaller-6.14.2-py3-none-manylinux2014_x86_64.whl
      - pypi: https://files.pythonhosted.org/packages/48/34/1d973d0dae849683e53fbcda84443ce016f315e6f4dc7605ede4f56a28c3/pyinstaller_hooks_contrib-2025.8-py3-none-any.whl
      - pypi: https://files.pythonhosted.org/packages/30/23/2f0a3efc4d6a32f3b63cdff36cd398d9701d26cda58e3ab97ac79fb5e60d/pyperclip-1.9.0.tar.gz
      - pypi: https://files.pythonhosted.org/packages/d7/ff/04d1b6b30edd24d761cc30d964860f997bdf37d06620694bf9aab35eec3a/PySide6-6.9.1-cp39-abi3-manylinux_2_28_x86_64.whl
      - pypi: https://files.pythonhosted.org/packages/cf/6f/691d7039a6f7943522a770b713ecd85fa169688dfdd65ddd4db1699d01b6/PySide6_Addons-6.9.1-cp39-abi3-manylinux_2_28_x86_64.whl
      - pypi: https://files.pythonhosted.org/packages/59/6a/ea0db68d40a1c487fd255634896f4e37b6560e3ef1f57ca5139bf6509b1f/PySide6_Essentials-6.9.1-cp39-abi3-manylinux_2_28_x86_64.whl
      - pypi: https://files.pythonhosted.org/packages/b9/2b/614b4752f2e127db5cc206abc23a8c19678e92b23c3db30fc86ab731d3bd/PyYAML-6.0.2-cp312-cp312-manylinux_2_17_x86_64.manylinux2014_x86_64.whl
      - pypi: https://files.pythonhosted.org/packages/a3/dc/17031897dae0efacfea57dfd3a82fdd2a2aeb58e0ff71b77b87e44edc772/setuptools-80.9.0-py3-none-any.whl
      - pypi: https://files.pythonhosted.org/packages/5a/07/53b2532ecd42ff925feb06b7bb16917f5f99f9c3470f0815c256789d818b/shiboken6-6.9.1-cp39-abi3-manylinux_2_28_x86_64.whl
      osx-64:
      - conda: https://repo.anaconda.com/pkgs/main/osx-64/bzip2-1.0.8-h6c40b1e_6.conda
      - conda: https://repo.anaconda.com/pkgs/main/osx-64/ca-certificates-2025.2.25-hecd8cb5_0.conda
      - conda: https://repo.anaconda.com/pkgs/main/osx-64/expat-2.7.1-h6d0c2b6_0.conda
      - conda: https://repo.anaconda.com/pkgs/main/osx-64/libcxx-17.0.6-hf547dac_4.conda
      - conda: https://repo.anaconda.com/pkgs/main/osx-64/libffi-3.4.4-hecd8cb5_1.conda
      - conda: https://repo.anaconda.com/pkgs/main/osx-64/ncurses-6.5-h923df54_0.conda
      - conda: https://repo.anaconda.com/pkgs/main/osx-64/openssl-3.0.17-hee2dfae_0.conda
      - conda: https://repo.anaconda.com/pkgs/main/osx-64/python-3.12.11-he8d2d4c_0.conda
      - conda: https://repo.anaconda.com/pkgs/main/osx-64/readline-8.2-hca72f7f_0.conda
      - conda: https://repo.anaconda.com/pkgs/main/osx-64/sqlite-3.50.2-hc8b0dd6_1.conda
      - conda: https://repo.anaconda.com/pkgs/main/osx-64/tk-8.6.14-h0a12a5f_1.conda
      - conda: https://repo.anaconda.com/pkgs/main/noarch/tzdata-2025b-h04d1e81_0.conda
      - conda: https://repo.anaconda.com/pkgs/main/osx-64/xz-5.6.4-h46256e1_1.conda
      - conda: https://repo.anaconda.com/pkgs/main/osx-64/zlib-1.2.13-h4b97444_1.conda
      - pypi: https://files.pythonhosted.org/packages/4d/3f/3bc3f1d83f6e4a7fcb834d3720544ca597590425be5ba9db032b2bf322a2/altgraph-0.17.4-py2.py3-none-any.whl
      - pypi: https://files.pythonhosted.org/packages/85/32/10bb5764d90a8eee674e9dc6f4db6a0ab47c8c4d0d83c27f7c39ac415a4d/click-8.2.1-py3-none-any.whl
      - pypi: https://files.pythonhosted.org/packages/d1/5d/c059c180c84f7962db0aeae7c3b9303ed1d73d76f2bfbc32bc231c8be314/macholib-1.16.3-py2.py3-none-any.whl
      - pypi: https://files.pythonhosted.org/packages/20/12/38679034af332785aac8774540895e234f4d07f7545804097de4b666afd8/packaging-25.0-py3-none-any.whl
      - pypi: https://files.pythonhosted.org/packages/a0/dd/e5f4a4be80e291d2443ac7e73fa78f17003e4f2e3ec15a2ffdea0583a5c6/pyinstaller-6.14.2-py3-none-macosx_10_13_universal2.whl
      - pypi: https://files.pythonhosted.org/packages/48/34/1d973d0dae849683e53fbcda84443ce016f315e6f4dc7605ede4f56a28c3/pyinstaller_hooks_contrib-2025.8-py3-none-any.whl
      - pypi: https://files.pythonhosted.org/packages/30/23/2f0a3efc4d6a32f3b63cdff36cd398d9701d26cda58e3ab97ac79fb5e60d/pyperclip-1.9.0.tar.gz
      - pypi: https://files.pythonhosted.org/packages/14/91/8e9c7f7e90431297de9856e90a156ade9420977e26d87996909c63f30bd2/PySide6-6.9.1-cp39-abi3-macosx_12_0_universal2.whl
      - pypi: https://files.pythonhosted.org/packages/e7/e2/39b9e04335d7ac782b6459bf7abec90c36b8efaac5a88ef818e972c59387/PySide6_Addons-6.9.1-cp39-abi3-macosx_12_0_universal2.whl
      - pypi: https://files.pythonhosted.org/packages/8a/59/714874db9ef3bbbbda654fd3223248969bea02ec1a5bfdd1c941c4e97749/PySide6_Essentials-6.9.1-cp39-abi3-macosx_12_0_universal2.whl
      - pypi: https://files.pythonhosted.org/packages/86/0c/c581167fc46d6d6d7ddcfb8c843a4de25bdd27e4466938109ca68492292c/PyYAML-6.0.2-cp312-cp312-macosx_10_9_x86_64.whl
      - pypi: https://files.pythonhosted.org/packages/a3/dc/17031897dae0efacfea57dfd3a82fdd2a2aeb58e0ff71b77b87e44edc772/setuptools-80.9.0-py3-none-any.whl
      - pypi: https://files.pythonhosted.org/packages/98/98/34d4d25b79055959b171420d47fcc10121aefcbb261c91d5491252830e31/shiboken6-6.9.1-cp39-abi3-macosx_12_0_universal2.whl
      win-64:
      - conda: https://repo.anaconda.com/pkgs/main/win-64/bzip2-1.0.8-h2bbff1b_6.conda
      - conda: https://repo.anaconda.com/pkgs/main/win-64/ca-certificates-2025.2.25-haa95532_0.conda
      - conda: https://repo.anaconda.com/pkgs/main/win-64/expat-2.7.1-h8ddb27b_0.conda
      - conda: https://repo.anaconda.com/pkgs/main/win-64/libffi-3.4.4-hd77b12b_1.conda
      - conda: https://repo.anaconda.com/pkgs/main/win-64/openssl-3.0.17-h35632f6_0.conda
      - conda: https://repo.anaconda.com/pkgs/main/win-64/python-3.12.11-h716150d_0.conda
      - conda: https://repo.anaconda.com/pkgs/main/win-64/sqlite-3.50.2-hda9a48d_1.conda
      - conda: https://repo.anaconda.com/pkgs/main/win-64/tk-8.6.14-h5e9d12e_1.conda
      - conda: https://repo.anaconda.com/pkgs/main/noarch/tzdata-2025b-h04d1e81_0.conda
      - conda: https://repo.anaconda.com/pkgs/main/win-64/ucrt-10.0.22621.0-haa95532_0.conda
      - conda: https://repo.anaconda.com/pkgs/main/win-64/vc-14.42-haa95532_5.conda
      - conda: https://repo.anaconda.com/pkgs/main/win-64/vc14_runtime-14.44.35208-h4927774_10.conda
      - conda: https://repo.anaconda.com/pkgs/main/win-64/vs2015_runtime-14.44.35208-ha6b5a95_10.conda
      - conda: https://repo.anaconda.com/pkgs/main/win-64/xz-5.6.4-h4754444_1.conda
      - conda: https://repo.anaconda.com/pkgs/main/win-64/zlib-1.2.13-h8cc25b3_1.conda
      - pypi: https://files.pythonhosted.org/packages/4d/3f/3bc3f1d83f6e4a7fcb834d3720544ca597590425be5ba9db032b2bf322a2/altgraph-0.17.4-py2.py3-none-any.whl
      - pypi: https://files.pythonhosted.org/packages/85/32/10bb5764d90a8eee674e9dc6f4db6a0ab47c8c4d0d83c27f7c39ac415a4d/click-8.2.1-py3-none-any.whl
      - pypi: https://files.pythonhosted.org/packages/d1/d6/3965ed04c63042e047cb6a3e6ed1a63a35087b6a609aa3a15ed8ac56c221/colorama-0.4.6-py2.py3-none-any.whl
      - pypi: https://files.pythonhosted.org/packages/20/12/38679034af332785aac8774540895e234f4d07f7545804097de4b666afd8/packaging-25.0-py3-none-any.whl
      - pypi: https://files.pythonhosted.org/packages/55/26/d0ad8b448476d0a1e8d3ea5622dc77b916db84c6aa3cb1e1c0965af948fc/pefile-2023.2.7-py3-none-any.whl
      - pypi: https://files.pythonhosted.org/packages/79/69/111c85292ff99567a2408a6c6e9bf0b31910239f82b97d106321762d222c/pyinstaller-6.14.2-py3-none-win_amd64.whl
      - pypi: https://files.pythonhosted.org/packages/48/34/1d973d0dae849683e53fbcda84443ce016f315e6f4dc7605ede4f56a28c3/pyinstaller_hooks_contrib-2025.8-py3-none-any.whl
      - pypi: https://files.pythonhosted.org/packages/30/23/2f0a3efc4d6a32f3b63cdff36cd398d9701d26cda58e3ab97ac79fb5e60d/pyperclip-1.9.0.tar.gz
      - pypi: https://files.pythonhosted.org/packages/83/ff/95c941f53b0faebc27dbe361d8e971b77f504b9cf36f8f5d750fd82cd6fc/PySide6-6.9.1-cp39-abi3-win_amd64.whl
      - pypi: https://files.pythonhosted.org/packages/84/be/a849402f7e73d137b5ae8b4370a49b0cf0e0c02f028b845782cb743e4995/PySide6_Addons-6.9.1-cp39-abi3-win_amd64.whl
      - pypi: https://files.pythonhosted.org/packages/0d/a9/a8e0209ba9116f2c2db990cfb79f2edbd5a3a428013be2df1f1cddd660a9/PySide6_Essentials-6.9.1-cp39-abi3-win_amd64.whl
      - pypi: https://files.pythonhosted.org/packages/de/3d/8161f7711c017e01ac9f008dfddd9410dff3674334c233bde66e7ba65bbf/pywin32_ctypes-0.2.3-py3-none-any.whl
      - pypi: https://files.pythonhosted.org/packages/0c/e8/4f648c598b17c3d06e8753d7d13d57542b30d56e6c2dedf9c331ae56312e/PyYAML-6.0.2-cp312-cp312-win_amd64.whl
      - pypi: https://files.pythonhosted.org/packages/a3/dc/17031897dae0efacfea57dfd3a82fdd2a2aeb58e0ff71b77b87e44edc772/setuptools-80.9.0-py3-none-any.whl
      - pypi: https://files.pythonhosted.org/packages/30/56/00af281275aab4c79e22e0ea65feede0a5c6da3b84e86b21a4a0071e0744/shiboken6-6.9.1-cp39-abi3-win_amd64.whl
packages:
- conda: https://repo.anaconda.com/pkgs/main/linux-64/_libgcc_mutex-0.1-main.conda
  sha256: 476626712f60e5ef0fe04c354727152b1ee5285d57ccd3575c7be930122bd051
  md5: c3473ff8bdb3d124ed5ff11ec380d6f9
  size: 3473
  timestamp: 1562011674792
- conda: https://repo.anaconda.com/pkgs/main/linux-64/_openmp_mutex-5.1-1_gnu.conda
  sha256: 576011048d23f2e03372263493c5529f802286ff53e8426df99a5b11cc2572f3
  md5: 71d281e9c2192cb3fa425655a8defb85
  depends:
  - _libgcc_mutex 0.1 main
  - libgomp >=7.5.0
  constrains:
  - openmp_impl 9999
  license: BSD-3-Clause
  size: 21315
  timestamp: 1652859733309
- pypi: https://files.pythonhosted.org/packages/4d/3f/3bc3f1d83f6e4a7fcb834d3720544ca597590425be5ba9db032b2bf322a2/altgraph-0.17.4-py2.py3-none-any.whl
  name: altgraph
  version: 0.17.4
  sha256: 642743b4750de17e655e6711601b077bc6598dbfa3ba5fa2b2a35ce12b508dff
- conda: https://repo.anaconda.com/pkgs/main/linux-64/bzip2-1.0.8-h5eee18b_6.conda
  sha256: 235f266d5f9c3c61748bb1af0eff21bc7ed2a2a356b97ff28d9c1135039b08b0
  md5: f21a3ff51c1b271977f53ce956a69297
  depends:
  - libgcc-ng >=11.2.0
  license: bzip2-1.0.8
  license_family: BSD
  size: 268384
  timestamp: 1714510571510
- conda: https://repo.anaconda.com/pkgs/main/osx-64/bzip2-1.0.8-h6c40b1e_6.conda
  sha256: 80bd9cac4f086056b4d2b8720fcfdc1dd8354be9f93b4aef1a853cdbc987e9bf
  md5: 96224786021d0765ce05818fa3c59bdb
  license: bzip2-1.0.8
  license_family: BSD
  size: 154557
  timestamp: 1714510590009
- conda: https://repo.anaconda.com/pkgs/main/win-64/bzip2-1.0.8-h2bbff1b_6.conda
  sha256: 4e30c9bfd4501555b0859c863e95ea044290babf3bf190b9d4fb38b06cf15c3c
  md5: 33e784123d565c38e68945f07b461282
  depends:
  - vc >=14.1,<15.0a0
  - vs2015_runtime >=14.16.27012,<15.0a0
  license: bzip2-1.0.8
  license_family: BSD
  size: 91870
  timestamp: 1714511182837
- conda: https://repo.anaconda.com/pkgs/main/linux-64/ca-certificates-2025.2.25-h06a4308_0.conda
  sha256: a30302efb91584dd31e63e540c735bfe776e1832f163eadceae47f692ab7d4f3
  md5: 495015d24da8ad929e3ae2d18571016d
  license: MPL-2.0
  license_family: Other
  size: 132323
  timestamp: 1740582453836
- conda: https://repo.anaconda.com/pkgs/main/osx-64/ca-certificates-2025.2.25-hecd8cb5_0.conda
  sha256: 218c8f86fe4eef060c3c5ebd194f1db12e45a46abeb00fe7457ab3a5902a0ef1
  md5: 12ab77db61795036e15a5b14929ad4a1
  license: MPL-2.0
  license_family: Other
  size: 133715
  timestamp: 1740582484873
- conda: https://repo.anaconda.com/pkgs/main/win-64/ca-certificates-2025.2.25-haa95532_0.conda
  sha256: bfaac6331ef8c28b3c46cbb3fa27df52a0f5101e1a58474e3771c4183c44816e
  md5: 808dfb694164c6394052c42c02f04514
  license: MPL-2.0
  license_family: Other
  size: 133559
  timestamp: 1740582512824
- pypi: https://files.pythonhosted.org/packages/85/32/10bb5764d90a8eee674e9dc6f4db6a0ab47c8c4d0d83c27f7c39ac415a4d/click-8.2.1-py3-none-any.whl
  name: click
  version: 8.2.1
  sha256: 61a3265b914e850b85317d0b3109c7f8cd35a670f963866005d6ef1d5175a12b
  requires_dist:
  - colorama ; sys_platform == 'win32'
  requires_python: '>=3.10'
- pypi: https://files.pythonhosted.org/packages/d1/d6/3965ed04c63042e047cb6a3e6ed1a63a35087b6a609aa3a15ed8ac56c221/colorama-0.4.6-py2.py3-none-any.whl
  name: colorama
  version: 0.4.6
  sha256: 4f1d9991f5acc0ca119f9d443620b77f9d6b33703e51011c16baf57afb285fc6
  requires_python: '>=2.7,!=3.0.*,!=3.1.*,!=3.2.*,!=3.3.*,!=3.4.*,!=3.5.*,!=3.6.*'
- conda: https://repo.anaconda.com/pkgs/main/linux-64/expat-2.7.1-h6a678d5_0.conda
  sha256: 583895800664771937e7fe3963bdd9e78b34689eb3fcf115d7be5a4d1c6d9f5f
  md5: 269942a9f3f943e2e5d8a2516a861f7c
  depends:
  - libgcc-ng >=11.2.0
  - libstdcxx-ng >=11.2.0
  license: MIT
  license_family: MIT
  size: 185917
  timestamp: 1744659862400
- conda: https://repo.anaconda.com/pkgs/main/osx-64/expat-2.7.1-h6d0c2b6_0.conda
  sha256: 6ce290bed73e72a7cbff720d69be5a7d767e1bad4767c106b96578611b45d063
  md5: 6cdc93776b7551083854e7f106a62720
  depends:
  - libcxx >=14.0.6
  license: MIT
  license_family: MIT
  size: 153146
  timestamp: 1744659891613
- conda: https://repo.anaconda.com/pkgs/main/win-64/expat-2.7.1-h8ddb27b_0.conda
  sha256: 05832ad007294afea84150bd32a031659bc7e584fb12da13e388a75b945052e5
  md5: 011c43ed4c203fe09147107af9fd1b5a
  depends:
  - vc >=14.2,<15.0a0
  - vs2015_runtime >=14.29.30133,<15.0a0
  license: MIT
  license_family: MIT
  size: 265542
  timestamp: 1744659970697
- conda: https://repo.anaconda.com/pkgs/main/linux-64/ld_impl_linux-64-2.40-h12ee557_0.conda
  sha256: 07137855558e3749fc88812644ab30fc543bc31bcf274403e1a23764bed78127
  md5: ee672b5f635340734f58d618b7bca024
  constrains:
  - binutils_impl_linux-64 2.40
  license: GPL-3.0-only
  size: 726762
  timestamp: 1727336193185
- conda: https://repo.anaconda.com/pkgs/main/osx-64/libcxx-17.0.6-hf547dac_4.conda
  sha256: 4ab9098607e97e1ff1a687cd88312d7764fb015018d04d07b14f3c79c52be58f
  md5: 9f8b90f30742eab3e6800f46fdd89936
  constrains:
  - llvm 17.0.6
  - clang 17.0.6
  - llvm-tools  17.0.6
  - llvm-openmp  17.0.6
  license: Apache-2.0 WITH LLVM-exception
  license_family: Apache
  size: 497642
  timestamp: 1750860742654
- conda: https://repo.anaconda.com/pkgs/main/linux-64/libffi-3.4.4-h6a678d5_1.conda
  sha256: b0e7fe2e5d498bc5a2c57cf942701bba8f22ec55de55e092ffbffc40b816df88
  md5: 70646cc713f0c43926cfdcfe9b695fe0
  depends:
  - libgcc-ng >=11.2.0
  - libstdcxx-ng >=11.2.0
  license: MIT
  license_family: MIT
  size: 144691
  timestamp: 1714483282916
- conda: https://repo.anaconda.com/pkgs/main/osx-64/libffi-3.4.4-hecd8cb5_1.conda
  sha256: b8b8f0b62fd87118de2b967d042f2269abac54adc4356cba0f417d3119cdd605
  md5: eb7f09ada4d95f1a26f483f1009d9286
  license: MIT
  license_family: MIT
  size: 131641
  timestamp: 1714483561919
- conda: https://repo.anaconda.com/pkgs/main/win-64/libffi-3.4.4-hd77b12b_1.conda
  sha256: 43a437fde4c064b2f1be2342a7bc6edccbc13da6a4fb8a44d87e4e6e34c54b63
  md5: 9807b377e11739ae3e920e10e607e460
  depends:
  - vc >=14.1,<15.0a0
  - vs2015_runtime >=14.16.27012,<15.0a0
  license: MIT
  license_family: MIT
  size: 124747
  timestamp: 1714484319443
- conda: https://repo.anaconda.com/pkgs/main/linux-64/libgcc-ng-11.2.0-h1234567_1.conda
  sha256: cdcce11f1c6ca57ba686ab92f3a5c122efe1e0630e00c6ad275624ce79008aa7
  md5: a87728dabf3151fb9cfa990bd2eb0464
  depends:
  - _libgcc_mutex 0.1 main
  - _openmp_mutex
  - _libgcc_mutex * main
  - __glibc >=2.17
  constrains:
  - _libgcc_mutex 0.1 main
  - _openmp_mutex
  - libgomp 11.2.0 h1234567_1
  license: GPL-3.0-only WITH GCC-exception-3.1
  size: 5602184
  timestamp: 1654090827491
- conda: https://repo.anaconda.com/pkgs/main/linux-64/libgomp-11.2.0-h1234567_1.conda
  sha256: a1c6e599df45e116af81c36ec4c9efb1793fa3a0b854dd90dd6c8813cd476e90
  md5: b372c0eea9b60732fdae4b817a63c8cd
  depends:
  - _libgcc_mutex 0.1 main
  license: GPL-3.0-only WITH GCC-exception-3.1
  size: 485145
  timestamp: 1654090775721
- conda: https://repo.anaconda.com/pkgs/main/linux-64/libstdcxx-ng-11.2.0-h1234567_1.conda
  sha256: 4da22842de544990e623ed38dfd9b468cc26cc592a102e41bcf45c91bcce9aa2
  md5: 57623d10a70e09e1d048c2b2b6f4e2dd
  depends:
  - __glibc >=2.17
  license: GPL-3.0-only WITH GCC-exception-3.1
  size: 4919942
  timestamp: 1654090800863
- conda: https://repo.anaconda.com/pkgs/main/linux-64/libuuid-1.41.5-h5eee18b_0.conda
  sha256: 2a401aafabac51b7736cfe12d2ab205d29052640ea8183253c9d0a8e7ed0d49a
  md5: 4a6a2354414c9080327274aa514e5299
  depends:
  - libgcc-ng >=11.2.0
  license: BSD-3-Clause
  license_family: BSD
  size: 28110
  timestamp: 1668082729834
- conda: https://repo.anaconda.com/pkgs/main/linux-64/libxcb-1.17.0-h9b100fa_0.conda
  sha256: f9cd1564fc83261ddba7496404f18143d4f8fda52e42c040005c1b1ad3e47f56
  md5: fdf0d380fa3809a301e2dbc0d5183883
  depends:
  - libgcc-ng >=11.2.0
  - pthread-stubs
  - xorg-libxau >=1.0.12,<2.0a0
  - xorg-libxdmcp >=1.1.5,<2.0a0
  license: MIT
  license_family: MIT
  size: 440690
  timestamp: 1746022211479
- pypi: https://files.pythonhosted.org/packages/d1/5d/c059c180c84f7962db0aeae7c3b9303ed1d73d76f2bfbc32bc231c8be314/macholib-1.16.3-py2.py3-none-any.whl
  name: macholib
  version: 1.16.3
  sha256: 0e315d7583d38b8c77e815b1ecbdbf504a8258d8b3e17b61165c6feb60d18f2c
  requires_dist:
  - altgraph>=0.17
- conda: https://repo.anaconda.com/pkgs/main/linux-64/ncurses-6.5-h7934f7d_0.conda
  sha256: 5ab33c1e90efbb3507116ae00d1f6740ec74104bb7028dc017f5f76796cee154
  md5: 0abfc090299da4bb031b84c64309757b
  depends:
  - __glibc >=2.17,<3.0.a0
  - libgcc-ng >=11.2.0
  license: MIT AND X11
  license_family: MIT
  size: 1137647
  timestamp: 1753947487644
- conda: https://repo.anaconda.com/pkgs/main/osx-64/ncurses-6.5-h923df54_0.conda
  sha256: 64e55c28362595e21e6ed3953ee8d79f28e25d390e4604fea6f932605946936b
  md5: 344eea75f2dc4bdbbe0ee4a263b4b103
  depends:
  - __osx >=10.15
  license: MIT AND X11
  license_family: MIT
  size: 1048992
  timestamp: 1753947521640
- conda: https://repo.anaconda.com/pkgs/main/linux-64/openssl-3.0.17-h5eee18b_0.conda
  sha256: 4d56fea198695951906fd7c78dc6d3dc18d0826a6c90f77275e8d5f26b3b3869
  md5: c032152f4080dd61875d5047641c8bf2
  depends:
  - ca-certificates
  - libgcc-ng >=11.2.0
  license: Apache-2.0
  license_family: Apache
  size: 5465379
  timestamp: 1753176689082
- conda: https://repo.anaconda.com/pkgs/main/osx-64/openssl-3.0.17-hee2dfae_0.conda
  sha256: cac05e7161155f1b18b956736abbcbec794fc3eff5b6d686d22c9e321b26d1b5
  md5: 12d105e2148a26048a75ebc2d0b6d2d4
  depends:
  - ca-certificates
  license: Apache-2.0
  license_family: Apache
  size: 4773985
  timestamp: 1753177400112
- conda: https://repo.anaconda.com/pkgs/main/win-64/openssl-3.0.17-h35632f6_0.conda
  sha256: e6404e49834ded17306bb2ddd74945f0db3dd18f65860063a8230e9990692ba8
  md5: d058f636337d1606c03e430e416c925f
  depends:
  - ca-certificates
  - ucrt >=10.0.20348.0
  - vc >=14.2,<15
  - vc14_runtime >=14.29.30133
  license: Apache-2.0
  license_family: Apache
  size: 8207005
  timestamp: 1753178969585
- pypi: https://files.pythonhosted.org/packages/20/12/38679034af332785aac8774540895e234f4d07f7545804097de4b666afd8/packaging-25.0-py3-none-any.whl
  name: packaging
  version: '25.0'
  sha256: 29572ef2b1f17581046b3a2227d5c611fb25ec70ca1ba8554b24b0e69331a484
  requires_python: '>=3.8'
- pypi: https://files.pythonhosted.org/packages/55/26/d0ad8b448476d0a1e8d3ea5622dc77b916db84c6aa3cb1e1c0965af948fc/pefile-2023.2.7-py3-none-any.whl
  name: pefile
  version: 2023.2.7
  sha256: da185cd2af68c08a6cd4481f7325ed600a88f6a813bad9dea07ab3ef73d8d8d6
  requires_python: '>=3.6.0'
- conda: https://repo.anaconda.com/pkgs/main/linux-64/pthread-stubs-0.3-h0ce48e5_1.conda
  sha256: 119c5ad43fb92b2f14a25c53276072ee77ff6b40c72e6617b523b9de0eb0822a
  md5: 973a642312d2a28927aaf5b477c67250
  depends:
  - libgcc-ng >=7.2.0
  license: MIT
  license_family: MIT
  size: 5360
  timestamp: 1505733967605
- pypi: https://files.pythonhosted.org/packages/79/69/111c85292ff99567a2408a6c6e9bf0b31910239f82b97d106321762d222c/pyinstaller-6.14.2-py3-none-win_amd64.whl
  name: pyinstaller
  version: 6.14.2
  sha256: e10e0e67288d6dcb5898a917dd1d4272aa0ff33f197ad49a0e39618009d63ed9
  requires_dist:
  - setuptools>=42.0.0
  - altgraph
  - pefile>=2022.5.30,!=2024.8.26 ; sys_platform == 'win32'
  - pywin32-ctypes>=0.2.1 ; sys_platform == 'win32'
  - macholib>=1.8 ; sys_platform == 'darwin'
  - pyinstaller-hooks-contrib>=2025.5
  - importlib-metadata>=4.6 ; python_full_version < '3.10'
  - packaging>=22.0
  - pytest>=2.7.3 ; extra == 'hook-testing'
  - execnet>=1.5.0 ; extra == 'hook-testing'
  - psutil ; extra == 'hook-testing'
  - argcomplete ; extra == 'completion'
  requires_python: '>=3.8,<3.14'
- pypi: https://files.pythonhosted.org/packages/a0/dd/e5f4a4be80e291d2443ac7e73fa78f17003e4f2e3ec15a2ffdea0583a5c6/pyinstaller-6.14.2-py3-none-macosx_10_13_universal2.whl
  name: pyinstaller
  version: 6.14.2
  sha256: d77d18bf5343a1afef2772393d7a489d4ec2282dee5bca549803fc0d74b78330
  requires_dist:
  - setuptools>=42.0.0
  - altgraph
  - pefile>=2022.5.30,!=2024.8.26 ; sys_platform == 'win32'
  - pywin32-ctypes>=0.2.1 ; sys_platform == 'win32'
  - macholib>=1.8 ; sys_platform == 'darwin'
  - pyinstaller-hooks-contrib>=2025.5
  - importlib-metadata>=4.6 ; python_full_version < '3.10'
  - packaging>=22.0
  - pytest>=2.7.3 ; extra == 'hook-testing'
  - execnet>=1.5.0 ; extra == 'hook-testing'
  - psutil ; extra == 'hook-testing'
  - argcomplete ; extra == 'completion'
  requires_python: '>=3.8,<3.14'
- pypi: https://files.pythonhosted.org/packages/b8/98/460a32d2e325ad0ea81e4df478a8d84b5ebe0ceaca0cd3088f16afcaba5f/pyinstaller-6.14.2-py3-none-manylinux2014_x86_64.whl
  name: pyinstaller
  version: 6.14.2
  sha256: 78827a21ada2a848e98671852d20d74b2955b6e2aaf2359ed13a462e1a603d84
  requires_dist:
  - setuptools>=42.0.0
  - altgraph
  - pefile>=2022.5.30,!=2024.8.26 ; sys_platform == 'win32'
  - pywin32-ctypes>=0.2.1 ; sys_platform == 'win32'
  - macholib>=1.8 ; sys_platform == 'darwin'
  - pyinstaller-hooks-contrib>=2025.5
  - importlib-metadata>=4.6 ; python_full_version < '3.10'
  - packaging>=22.0
  - pytest>=2.7.3 ; extra == 'hook-testing'
  - execnet>=1.5.0 ; extra == 'hook-testing'
  - psutil ; extra == 'hook-testing'
  - argcomplete ; extra == 'completion'
  requires_python: '>=3.8,<3.14'
- pypi: https://files.pythonhosted.org/packages/48/34/1d973d0dae849683e53fbcda84443ce016f315e6f4dc7605ede4f56a28c3/pyinstaller_hooks_contrib-2025.8-py3-none-any.whl
  name: pyinstaller-hooks-contrib
  version: '2025.8'
  sha256: 8d0b8cfa0cb689a619294ae200497374234bd4e3994b3ace2a4442274c899064
  requires_dist:
  - setuptools>=42.0.0
  - importlib-metadata>=4.6 ; python_full_version < '3.10'
  - packaging>=22.0
  requires_python: '>=3.8'
- pypi: https://files.pythonhosted.org/packages/30/23/2f0a3efc4d6a32f3b63cdff36cd398d9701d26cda58e3ab97ac79fb5e60d/pyperclip-1.9.0.tar.gz
  name: pyperclip
  version: 1.9.0
  sha256: b7de0142ddc81bfc5c7507eea19da920b92252b548b96186caf94a5e2527d310
- pypi: https://files.pythonhosted.org/packages/14/91/8e9c7f7e90431297de9856e90a156ade9420977e26d87996909c63f30bd2/PySide6-6.9.1-cp39-abi3-macosx_12_0_universal2.whl
  name: pyside6
  version: 6.9.1
  sha256: f843ef39970a2f79757810fffd7b8e93ac42a3de9ea62f2a03648cde57648aed
  requires_dist:
  - shiboken6==6.9.1
  - pyside6-essentials==6.9.1
  - pyside6-addons==6.9.1
  requires_python: '>=3.9,<3.14'
- pypi: https://files.pythonhosted.org/packages/83/ff/95c941f53b0faebc27dbe361d8e971b77f504b9cf36f8f5d750fd82cd6fc/PySide6-6.9.1-cp39-abi3-win_amd64.whl
  name: pyside6
  version: 6.9.1
  sha256: c82dbb7d32bbdd465e01059174f71bddc97de152ab71bded3f1907c40f9a5f16
  requires_dist:
  - shiboken6==6.9.1
  - pyside6-essentials==6.9.1
  - pyside6-addons==6.9.1
  requires_python: '>=3.9,<3.14'
- pypi: https://files.pythonhosted.org/packages/d7/ff/04d1b6b30edd24d761cc30d964860f997bdf37d06620694bf9aab35eec3a/PySide6-6.9.1-cp39-abi3-manylinux_2_28_x86_64.whl
  name: pyside6
  version: 6.9.1
  sha256: db44ac08b8f7ac1b421bc1c6a44200d03f08d80dc7b3f68dfdb1684f30f41c17
  requires_dist:
  - shiboken6==6.9.1
  - pyside6-essentials==6.9.1
  - pyside6-addons==6.9.1
  requires_python: '>=3.9,<3.14'
- pypi: https://files.pythonhosted.org/packages/84/be/a849402f7e73d137b5ae8b4370a49b0cf0e0c02f028b845782cb743e4995/PySide6_Addons-6.9.1-cp39-abi3-win_amd64.whl
  name: pyside6-addons
  version: 6.9.1
  sha256: cd93a3a5e3886cd958f3a5acc7c061c24f10a394ce9f4ce657ac394544ca7ec2
  requires_dist:
  - shiboken6==6.9.1
  - pyside6-essentials==6.9.1
  requires_python: '>=3.9,<3.14'
- pypi: https://files.pythonhosted.org/packages/cf/6f/691d7039a6f7943522a770b713ecd85fa169688dfdd65ddd4db1699d01b6/PySide6_Addons-6.9.1-cp39-abi3-manylinux_2_28_x86_64.whl
  name: pyside6-addons
  version: 6.9.1
  sha256: da7869b02e3599d26546fad582db4656060786bc5ec8ece5ec9ee8aa8b42371c
  requires_dist:
  - shiboken6==6.9.1
  - pyside6-essentials==6.9.1
  requires_python: '>=3.9,<3.14'
- pypi: https://files.pythonhosted.org/packages/e7/e2/39b9e04335d7ac782b6459bf7abec90c36b8efaac5a88ef818e972c59387/PySide6_Addons-6.9.1-cp39-abi3-macosx_12_0_universal2.whl
  name: pyside6-addons
  version: 6.9.1
  sha256: 7be0708fa89715c282541fca47e2ba97c0c8d2886e0236ef994b2dd8f52aacdd
  requires_dist:
  - shiboken6==6.9.1
  - pyside6-essentials==6.9.1
  requires_python: '>=3.9,<3.14'
- pypi: https://files.pythonhosted.org/packages/0d/a9/a8e0209ba9116f2c2db990cfb79f2edbd5a3a428013be2df1f1cddd660a9/PySide6_Essentials-6.9.1-cp39-abi3-win_amd64.whl
  name: pyside6-essentials
  version: 6.9.1
  sha256: ad1ac94011492dba33051bc33db1c76a7d6f815a81c01422cb6220273b369145
  requires_dist:
  - shiboken6==6.9.1
  requires_python: '>=3.9,<3.14'
- pypi: https://files.pythonhosted.org/packages/59/6a/ea0db68d40a1c487fd255634896f4e37b6560e3ef1f57ca5139bf6509b1f/PySide6_Essentials-6.9.1-cp39-abi3-manylinux_2_28_x86_64.whl
  name: pyside6-essentials
  version: 6.9.1
  sha256: e5da48883f006c6206ef85874db74ddebcdf69b0281bd4f1642b1c5ac1d54aea
  requires_dist:
  - shiboken6==6.9.1
  requires_python: '>=3.9,<3.14'
- pypi: https://files.pythonhosted.org/packages/8a/59/714874db9ef3bbbbda654fd3223248969bea02ec1a5bfdd1c941c4e97749/PySide6_Essentials-6.9.1-cp39-abi3-macosx_12_0_universal2.whl
  name: pyside6-essentials
  version: 6.9.1
  sha256: ed43435a70e018e1c22efcaf34a9430b83cfcad716dba661b03de21c13322fab
  requires_dist:
  - shiboken6==6.9.1
  requires_python: '>=3.9,<3.14'
- conda: https://repo.anaconda.com/pkgs/main/linux-64/python-3.12.11-h22baa00_0.conda
  sha256: bc18a42801f45be349875e393e5f770e5088586482b0002ef2514516d3c93d6d
  md5: 694085ba688f9b2d36e8f65bfc9cfc9f
  depends:
  - bzip2 >=1.0.8,<2.0a0
  - expat >=2.7.1,<3.0a0
  - ld_impl_linux-64 >=2.35.1
  - libffi >=3.4,<4.0a0
  - libgcc-ng >=11.2.0
  - libuuid >=1.41.5,<2.0a0
  - ncurses >=6.4,<7.0a0
  - openssl >=3.0.16,<4.0a0
  - readline >=8.2,<9.0a0
  - sqlite >=3.45.3,<4.0a0
  - tk >=8.6.14,<8.7.0a0
  - tzdata
  - xz >=5.6.4,<6.0a0
  - zlib >=1.2.13,<1.3.0a0
  constrains:
  - python_abi 3.12.* *_cp312
  license: PSF-2.0
  license_family: PSF
  size: 36236205
  timestamp: 1749130139275
- conda: https://repo.anaconda.com/pkgs/main/osx-64/python-3.12.11-he8d2d4c_0.conda
  sha256: 7e89145777028ffdeffbdee799fe7c802e950d8803ef1900f32b257c7ca4e78f
  md5: 9783e45825df3d441392b7fa66759899
  depends:
  - bzip2 >=1.0.8,<2.0a0
  - expat >=2.7.1,<3.0a0
  - libffi >=3.4,<4.0a0
  - ncurses >=6.4,<7.0a0
  - openssl >=3.0.16,<4.0a0
  - readline >=8.2,<9.0a0
  - sqlite >=3.45.3,<4.0a0
  - tk >=8.6.14,<8.7.0a0
  - tzdata
  - xz >=5.6.4,<6.0a0
  - zlib >=1.2.13,<1.3.0a0
  constrains:
  - python_abi 3.12.* *_cp312
  license: PSF-2.0
  license_family: PSF
  size: 14694320
  timestamp: 1749129956050
- conda: https://repo.anaconda.com/pkgs/main/win-64/python-3.12.11-h716150d_0.conda
  sha256: 0c6525f867e14fa42211559ac3efd171b250e70ac8cde8dab6db97bd9a102b1c
  md5: 759488003d0ceddbcf33e861d3bd4643
  depends:
  - bzip2 >=1.0.8,<2.0a0
  - expat >=2.7.1,<3.0a0
  - libffi >=3.4,<4.0a0
  - openssl >=3.0.16,<4.0a0
  - sqlite >=3.45.3,<4.0a0
  - tk >=8.6.14,<8.7.0a0
  - tzdata
  - vc >=14.2,<15.0a0
  - vs2015_runtime >=14.29.30133,<15.0a0
  - xz >=5.6.4,<6.0a0
  - zlib >=1.2.13,<1.3.0a0
  constrains:
  - python_abi 3.12.* *_cp312
  license: PSF-2.0
  license_family: PSF
  size: 17299805
  timestamp: 1749128616965
- pypi: https://files.pythonhosted.org/packages/de/3d/8161f7711c017e01ac9f008dfddd9410dff3674334c233bde66e7ba65bbf/pywin32_ctypes-0.2.3-py3-none-any.whl
  name: pywin32-ctypes
  version: 0.2.3
  sha256: 8a1513379d709975552d202d942d9837758905c8d01eb82b8bcc30918929e7b8
  requires_python: '>=3.6'
- pypi: https://files.pythonhosted.org/packages/0c/e8/4f648c598b17c3d06e8753d7d13d57542b30d56e6c2dedf9c331ae56312e/PyYAML-6.0.2-cp312-cp312-win_amd64.whl
  name: pyyaml
  version: 6.0.2
  sha256: 7e7401d0de89a9a855c839bc697c079a4af81cf878373abd7dc625847d25cbd8
  requires_python: '>=3.8'
- pypi: https://files.pythonhosted.org/packages/86/0c/c581167fc46d6d6d7ddcfb8c843a4de25bdd27e4466938109ca68492292c/PyYAML-6.0.2-cp312-cp312-macosx_10_9_x86_64.whl
  name: pyyaml
  version: 6.0.2
  sha256: c70c95198c015b85feafc136515252a261a84561b7b1d51e3384e0655ddf25ab
  requires_python: '>=3.8'
- pypi: https://files.pythonhosted.org/packages/b9/2b/614b4752f2e127db5cc206abc23a8c19678e92b23c3db30fc86ab731d3bd/PyYAML-6.0.2-cp312-cp312-manylinux_2_17_x86_64.manylinux2014_x86_64.whl
  name: pyyaml
  version: 6.0.2
  sha256: 80bab7bfc629882493af4aa31a4cfa43a4c57c83813253626916b8c7ada83476
  requires_python: '>=3.8'
- conda: https://repo.anaconda.com/pkgs/main/linux-64/readline-8.2-h5eee18b_0.conda
  sha256: 3bf83c138bf0843b2fdacc5fe6b0956813b11107540d0233c148b97682e894fb
  md5: be42180685cce6e6b0329201d9f48efb
  depends:
  - libgcc-ng >=11.2.0
  - ncurses >=6.3,<7.0a0
  license: GPL-3.0-only
  license_family: GPL
  size: 365188
  timestamp: 1666648052561
- conda: https://repo.anaconda.com/pkgs/main/osx-64/readline-8.2-hca72f7f_0.conda
  sha256: d141d36dc1b8b4484dae738b5cd50bd2c6b85dabd6c606d3a93b7d5b5a4b28b6
  md5: 971667436260e523f6f7355fdfa238bf
  depends:
  - ncurses >=6.3,<7.0a0
  license: GPL-3.0-only
  license_family: GPL
  size: 335698
  timestamp: 1666648077019
- pypi: https://files.pythonhosted.org/packages/a3/dc/17031897dae0efacfea57dfd3a82fdd2a2aeb58e0ff71b77b87e44edc772/setuptools-80.9.0-py3-none-any.whl
  name: setuptools
  version: 80.9.0
  sha256: 062d34222ad13e0cc312a4c02d73f059e86a4acbfbdea8f8f76b28c99f306922
  requires_dist:
  - pytest>=6,!=8.1.* ; extra == 'test'
  - virtualenv>=13.0.0 ; extra == 'test'
  - wheel>=0.44.0 ; extra == 'test'
  - pip>=19.1 ; extra == 'test'
  - packaging>=24.2 ; extra == 'test'
  - jaraco-envs>=2.2 ; extra == 'test'
  - pytest-xdist>=3 ; extra == 'test'
  - jaraco-path>=3.7.2 ; extra == 'test'
  - build[virtualenv]>=1.0.3 ; extra == 'test'
  - filelock>=3.4.0 ; extra == 'test'
  - ini2toml[lite]>=0.14 ; extra == 'test'
  - tomli-w>=1.0.0 ; extra == 'test'
  - pytest-timeout ; extra == 'test'
  - pytest-perf ; sys_platform != 'cygwin' and extra == 'test'
  - jaraco-develop>=7.21 ; python_full_version >= '3.9' and sys_platform != 'cygwin' and extra == 'test'
  - pytest-home>=0.5 ; extra == 'test'
  - pytest-subprocess ; extra == 'test'
  - pyproject-hooks!=1.1 ; extra == 'test'
  - jaraco-test>=5.5 ; extra == 'test'
  - sphinx>=3.5 ; extra == 'doc'
  - jaraco-packaging>=9.3 ; extra == 'doc'
  - rst-linker>=1.9 ; extra == 'doc'
  - furo ; extra == 'doc'
  - sphinx-lint ; extra == 'doc'
  - jaraco-tidelift>=1.4 ; extra == 'doc'
  - pygments-github-lexers==0.0.5 ; extra == 'doc'
  - sphinx-favicon ; extra == 'doc'
  - sphinx-inline-tabs ; extra == 'doc'
  - sphinx-reredirects ; extra == 'doc'
  - sphinxcontrib-towncrier ; extra == 'doc'
  - sphinx-notfound-page>=1,<2 ; extra == 'doc'
  - pyproject-hooks!=1.1 ; extra == 'doc'
  - towncrier<24.7 ; extra == 'doc'
  - packaging>=24.2 ; extra == 'core'
  - more-itertools>=8.8 ; extra == 'core'
  - jaraco-text>=3.7 ; extra == 'core'
  - importlib-metadata>=6 ; python_full_version < '3.10' and extra == 'core'
  - tomli>=2.0.1 ; python_full_version < '3.11' and extra == 'core'
  - wheel>=0.43.0 ; extra == 'core'
  - platformdirs>=4.2.2 ; extra == 'core'
  - jaraco-functools>=4 ; extra == 'core'
  - more-itertools ; extra == 'core'
  - pytest-checkdocs>=2.4 ; extra == 'check'
  - pytest-ruff>=0.2.1 ; sys_platform != 'cygwin' and extra == 'check'
  - ruff>=0.8.0 ; sys_platform != 'cygwin' and extra == 'check'
  - pytest-cov ; extra == 'cover'
  - pytest-enabler>=2.2 ; extra == 'enabler'
  - pytest-mypy ; extra == 'type'
  - mypy==1.14.* ; extra == 'type'
  - importlib-metadata>=7.0.2 ; python_full_version < '3.10' and extra == 'type'
  - jaraco-develop>=7.21 ; sys_platform != 'cygwin' and extra == 'type'
  requires_python: '>=3.9'
- pypi: https://files.pythonhosted.org/packages/30/56/00af281275aab4c79e22e0ea65feede0a5c6da3b84e86b21a4a0071e0744/shiboken6-6.9.1-cp39-abi3-win_amd64.whl
  name: shiboken6
  version: 6.9.1
  sha256: 209ccf02c135bd70321143dcbc5023ae0c056aa4850a845955dd2f9b2ff280a9
  requires_python: '>=3.9,<3.14'
- pypi: https://files.pythonhosted.org/packages/5a/07/53b2532ecd42ff925feb06b7bb16917f5f99f9c3470f0815c256789d818b/shiboken6-6.9.1-cp39-abi3-manylinux_2_28_x86_64.whl
  name: shiboken6
  version: 6.9.1
  sha256: efcdfa8655d34aaf8d7a0c7724def3440bd46db02f5ad3b1785db5f6ccb0a8ff
  requires_python: '>=3.9,<3.14'
- pypi: https://files.pythonhosted.org/packages/98/98/34d4d25b79055959b171420d47fcc10121aefcbb261c91d5491252830e31/shiboken6-6.9.1-cp39-abi3-macosx_12_0_universal2.whl
  name: shiboken6
  version: 6.9.1
  sha256: 40e92afc88da06b5100c56b761e59837ff282166e9531268f3d910b6128e621e
  requires_python: '>=3.9,<3.14'
- conda: https://repo.anaconda.com/pkgs/main/linux-64/sqlite-3.50.2-hb25bd0a_1.conda
  sha256: 6d4069cc8f61eeacea7e018ceb27f23c44b40836da9e74965be91e3bc422ac98
  md5: 6ac08aa6b5f14911039aa04b2b2c3350
  depends:
  - __glibc >=2.17,<3.0.a0
  - libgcc-ng >=11.2.0
  - ncurses >=6.4,<7.0a0
  - readline >=8.0,<9.0a0
  - zlib >=1.2.13,<1.3.0a0
  - zlib >=1.2.13,<2.0a0
  license: blessing
  license_family: Other
  size: 1151016
  timestamp: 1752773631879
- conda: https://repo.anaconda.com/pkgs/main/osx-64/sqlite-3.50.2-hc8b0dd6_1.conda
  sha256: fe376ff914ca3eb10ed1a8f2be3e83486fd4636d42b4188d66e3685b52bb007c
  md5: c1036f04e8d13c68a27fe9da140e34f3
  depends:
  - __osx >=10.15
  - ncurses >=6.4,<7.0a0
  - readline >=8.0,<9.0a0
  - zlib >=1.2.13,<1.3.0a0
  - zlib >=1.2.13,<2.0a0
  license: blessing
  license_family: Other
  size: 1145428
  timestamp: 1752773664751
- conda: https://repo.anaconda.com/pkgs/main/win-64/sqlite-3.50.2-hda9a48d_1.conda
  sha256: cc0f45b4cf796187b4119ec6ec629984a84939ac096100496b9d72a5be20af85
  md5: 9796bc1868a29e4ec53a054cc84870ba
  depends:
  - ucrt >=10.0.20348.0
  - vc >=14.2,<15
  - vc14_runtime >=14.29.30133
  license: blessing
  license_family: Other
  size: 1041352
  timestamp: 1752773667780
- conda: https://repo.anaconda.com/pkgs/main/linux-64/tk-8.6.14-h993c535_1.conda
  sha256: 5904ac7e37d8f3b9927efcdb8b71152579aeef115325880a3121f2eb8d29a02d
  md5: bfe656b29fc64afe5d4bd46dbd5fd240
  depends:
  - libgcc-ng >=11.2.0
  - xorg-libx11 >=1.8.12,<2.0a0
  - zlib >=1.2.13,<1.3.0a0
  license: TCL
  license_family: BSD
  size: 3591038
  timestamp: 1748849507196
- conda: https://repo.anaconda.com/pkgs/main/osx-64/tk-8.6.14-h0a12a5f_1.conda
  sha256: a5f3d26830cebf29438f15a658f1e955c9f3553bf1638ccd23caffb84a6880c0
  md5: b5c23bac899d2e153b438a2b638c2c9b
  depends:
  - zlib >=1.2.13,<1.3.0a0
  license: TCL
  license_family: BSD
  size: 3544424
  timestamp: 1748849556131
- conda: https://repo.anaconda.com/pkgs/main/win-64/tk-8.6.14-h5e9d12e_1.conda
  sha256: 78bd408b1ac04f852204a027334c495a01ff03b0a7c5d6a2f3804c6a8dbb9c12
  md5: f788fb9c9b3e33945ba62282d18c75bb
  depends:
  - vc >=14.2,<15.0a0
  - vs2015_runtime >=14.29.30133,<15.0a0
  - zlib >=1.2.13,<1.3.0a0
  license: TCL
  license_family: BSD
  size: 3677635
  timestamp: 1748849710660
- conda: https://repo.anaconda.com/pkgs/main/noarch/tzdata-2025b-h04d1e81_0.conda
  sha256: 3c9fefdfb2335e8641642e964cfaf20513d40ec709ab559b47b52d99b2e46fea
  md5: 1d027393db3427ab22a02aa44a56f143
  license: CC-PDDC OR BSD-3-Clause
  license_family: BSD
  size: 119222
  timestamp: 1746111609280
- conda: https://repo.anaconda.com/pkgs/main/win-64/ucrt-10.0.22621.0-haa95532_0.conda
  sha256: 9dfca4fb23f20e62a48b9c52e2fdf4d0d34bb31eb6a930c2195fcd10651b3cc3
  md5: 15e1b10231d7d236520501fcfb440f31
  constrains:
  - vs2015_runtime >=14.29.30037
  license: LicenseRef-MicrosoftWindowsSDK10
  size: 634816
  timestamp: 1752158202557
- conda: https://repo.anaconda.com/pkgs/main/win-64/vc-14.42-haa95532_5.conda
  sha256: 457b5b07b27909a08365c58eec3d1d4febda3fc7a2d8a39bcf8913a90fe42025
  md5: 398668823dc0d65fb53f81decb9dee60
  depends:
  - vs2015_runtime >=14.42.34433
  track_features:
  - vc14
  license: BSD-3-Clause
  license_family: BSD
  size: 11088
  timestamp: 1744721179868
- conda: https://repo.anaconda.com/pkgs/main/win-64/vc14_runtime-14.44.35208-h4927774_10.conda
  sha256: 747f5d55439e327d3b035c0078be59991ffa5683542fbcecbcc6abcfff50588a
  md5: 13296ea2847729c01c316b089cb28337
  depends:
  - ucrt >=10.0.20348.0
  constrains:
  - vs2015_runtime 14.44.35208.* *_10
  license: LicenseRef-MicrosoftVisualCpp2015-2022Runtime
  license_family: Proprietary
  size: 845189
  timestamp: 1752199754308
- conda: https://repo.anaconda.com/pkgs/main/win-64/vs2015_runtime-14.44.35208-ha6b5a95_10.conda
  sha256: fa731e65f9c6b7b9559cb93653d067658594f39d2bc5c75cae85ac2385d79d06
  md5: 58665d8e606897afb52a202669673c40
  depends:
  - vc14_runtime >=14.44.35208
  license: BSD-3-Clause
  license_family: BSD
  size: 19526
  timestamp: 1752199762272
- conda: https://repo.anaconda.com/pkgs/main/linux-64/xorg-libx11-1.8.12-h9b100fa_1.conda
  sha256: e9e6228687c03d1c1318f6d7434e6c54f1a5e821def15d4926a5ce4c0a01a17e
  md5: 6298b27afae6f49f03765b2a03df2fcb
  depends:
  - libgcc-ng >=11.2.0
  - libxcb >=1.17.0,<2.0a0
  - xorg-xorgproto >=2024.1
  - xorg-xorgproto >=2024.1,<2025.0a0
  license: MIT
  license_family: MIT
  size: 916212
  timestamp: 1746110020649
- conda: https://repo.anaconda.com/pkgs/main/linux-64/xorg-libxau-1.0.12-h9b100fa_0.conda
  sha256: 68acf87da69a0237d5083798a9cc9b89d2887a84a5323aa740006b53cd5159ef
  md5: a8005a9f6eb903e113cd5363e8a11459
  depends:
  - libgcc-ng >=11.2.0
  license: MIT
  license_family: MIT
  size: 13582
  timestamp: 1745958707989
- conda: https://repo.anaconda.com/pkgs/main/linux-64/xorg-libxdmcp-1.1.5-h9b100fa_0.conda
  sha256: 459c8497d1c22b020404b481fa12011abeb27d8eefde37dd4ac9f5a443fd5ac7
  md5: c284a09ddfba81d9c4e740110f09ea06
  depends:
  - libgcc-ng >=11.2.0
  license: MIT
  license_family: MIT
  size: 19260
  timestamp: 1745992279492
- conda: https://repo.anaconda.com/pkgs/main/linux-64/xorg-xorgproto-2024.1-h5eee18b_1.conda
  sha256: aa6d3ab9be5b43d3e8ac0c7e23f2a83c3959f8f30ec758e2fcae91f87a9b23b4
  md5: 412a0d97a7a51d23326e57226189da92
  depends:
  - libgcc-ng >=11.2.0
  constrains:
  - xorg-xextproto <0.0.0a
  - xorg-xproto <0.0.0a
  - xorg-recordproto <0.0.0a
  - xorg-randrproto <0.0.0a
  - xorg-xf86dgaproto <0.0.0a
  - xorg-xf86vidmodeproto <0.0.0a
  - xorg-xcmiscproto <0.0.0a
  - xorg-applewmproto <0.0.0a
  - xorg-damageproto <0.0.0a
  - xorg-xf86driproto <0.0.0a
  - xorg-renderproto <0.0.0a
  - xorg-kbproto <0.0.0a
  - xorg-glproto <0.0.0a
  - xorg-inputproto <0.0.0a
  - xorg-scrnsaverproto <0.0.0a
  - xorg-compositeproto <0.0.0a
  - xorg-videoproto <0.0.0a
  - xorg-xwaylandproto <0.0.0a
  - xorg-dri3proto <0.0.0a
  - xorg-fixesproto <0.0.0a
  - xorg-dri2proto <0.0.0a
  - xorg-resourceproto <0.0.0a
  - xorg-dpmsproto <0.0.0a
  - xorg-xineramaproto <0.0.0a
  - xorg-fontsproto <0.0.0a
  - xorg-dmxproto <0.0.0a
  - xorg-xf86bigfontproto <0.0.0a
  - xorg-presentproto <0.0.0a
  - xorg-bigreqsproto <0.0.0a
  license: MIT
  license_family: MIT
  size: 594175
  timestamp: 1746046234466
- conda: https://repo.anaconda.com/pkgs/main/linux-64/xz-5.6.4-h5eee18b_1.conda
  sha256: a9445543c2b1a1a96c052ac4535cfceb413cdbb0454a0710f9a4c98e7d5d0b1c
  md5: 3581505fa450962d631bd82b8616350e
  depends:
  - libgcc-ng >=11.2.0
  license: LGPL-2.1-or-later and GPL-2.0-or-later and 0BSD
  license_family: GPL2
  size: 580311
  timestamp: 1739468299256
- conda: https://repo.anaconda.com/pkgs/main/osx-64/xz-5.6.4-h46256e1_1.conda
  sha256: 08852a40efe5d1aaec895e75667d109f712936f70892dd3372581b9eba591002
  md5: ce989a528575ad332a650bb7c7f7e5d5
  license: LGPL-2.1-or-later and GPL-2.0-or-later and 0BSD
  license_family: GPL2
  size: 296228
  timestamp: 1739468347605
- conda: https://repo.anaconda.com/pkgs/main/win-64/xz-5.6.4-h4754444_1.conda
  sha256: 767a18adef86909bb374379add4784879d950a49ce2f7502444fd177b43fae33
  md5: 6036999a3a2c7a3e3739d6b9351fcb0b
  depends:
  - vc >=14.2,<15.0a0
  - vs2015_runtime >=14.29.30133,<15.0a0
  license: LGPL-2.1-or-later and GPL-2.0-or-later and 0BSD
  license_family: GPL2
  size: 286358
  timestamp: 1739468425589
- conda: https://repo.anaconda.com/pkgs/main/linux-64/zlib-1.2.13-h5eee18b_1.conda
  sha256: eb451d3dba56a77cfc3273c8124cd45a8c13329a16bf9a4954181d835c85677b
  md5: 92e42d8310108b0a440fb2e60b2b2a25
  depends:
  - libgcc-ng >=11.2.0
  license: Zlib
  license_family: Other
  size: 113492
  timestamp: 1714510716441
- conda: https://repo.anaconda.com/pkgs/main/osx-64/zlib-1.2.13-h4b97444_1.conda
  sha256: 37a384d85f059a46a138e99e0315a7b91925421cdcbffae8ef4b2ad9de985c01
  md5: 38e35f7c817fac0973034bfce6706ec2
  license: Zlib
  license_family: Other
  size: 103951
  timestamp: 1714511811597
- conda: https://repo.anaconda.com/pkgs/main/win-64/zlib-1.2.13-h8cc25b3_1.conda
  sha256: 48eef468ca392090e6fe57c3ba54e3a7dc1412f9c417c248575d0717e9a5ed3d
  md5: 1f7ea85632611b25599e4cddf5b51d7d
  depends:
  - vc >=14.1,<15.0a0
  - vs2015_runtime >=14.16.27012,<15.0a0
  license: Zlib
  license_family: Other
  size: 133776
  timestamp: 1714514792081
